
Microsoft Visual Studio Solution File, Format Version 12.00
# Visual Studio Version 16
VisualStudioVersion = 16.0.30503.244
MinimumVisualStudioVersion = 10.0.40219.1
Project("{FAE04EC0-301F-11D3-BF4B-00C04F79EFBC}") = "CarouselViewSamples.Android", "CarouselViewSamples.Android\CarouselViewSamples.Android.csproj", "{76D2CA0F-60DB-4AF6-B1DC-224C4033BE37}"
EndProject
Project("{FAE04EC0-301F-11D3-BF4B-00C04F79EFBC}") = "CarouselViewSamples.iOS", "CarouselViewSamples.iOS\CarouselViewSamples.iOS.csproj", "{913B82FE-1C2B-41BA-A873-07BC07CD2DDE}"
EndProject
Project("{FAE04EC0-301F-11D3-BF4B-00C04F79EFBC}") = "CarouselViewSamples", "CarouselViewSamples\CarouselViewSamples.csproj", "{717E42CB-CF59-4AD3-AFE9-A620DA697093}"
EndProject
Global
	GlobalSection(SolutionConfigurationPlatforms) = preSolution
		Debug|Any CPU = Debug|Any CPU
		Debug|iPhone = Debug|iPhone
		Debug|iPhoneSimulator = Debug|iPhoneSimulator
		Release|Any CPU = Release|Any CPU
		Release|iPhone = Release|iPhone
		Release|iPhoneSimulator = Release|iPhoneSimulator
	EndGlobalSection
	GlobalSection(ProjectConfigurationPlatforms) = postSolution
		{76D2CA0F-60DB-4AF6-B1DC-224C4033BE37}.Debug|Any CPU.ActiveCfg = Debug|Any CPU
		{76D2CA0F-60DB-4AF6-B1DC-224C4033BE37}.Debug|Any CPU.Build.0 = Debug|Any CPU
		{76D2CA0F-60DB-4AF6-B1DC-224C4033BE37}.Debug|Any CPU.Deploy.0 = Debug|Any CPU
		{76D2CA0F-60DB-4AF6-B1DC-224C4033BE37}.Debug|iPhone.ActiveCfg = Debug|Any CPU
		{76D2CA0F-60DB-4AF6-B1DC-224C4033BE37}.Debug|iPhone.Build.0 = Debug|Any CPU
		{76D2CA0F-60DB-4AF6-B1DC-224C4033BE37}.Debug|iPhone.Deploy.0 = Debug|Any CPU
		{76D2CA0F-60DB-4AF6-B1DC-224C4033BE37}.Debug|iPhoneSimulator.ActiveCfg = Debug|Any CPU
		{76D2CA0F-60DB-4AF6-B1DC-224C4033BE37}.Debug|iPhoneSimulator.Build.0 = Debug|Any CPU
		{76D2CA0F-60DB-4AF6-B1DC-224C4033BE37}.Debug|iPhoneSimulator.Deploy.0 = Debug|Any CPU
		{76D2CA0F-60DB-4AF6-B1DC-224C4033BE37}.Release|Any CPU.ActiveCfg = Release|Any CPU
		{76D2CA0F-60DB-4AF6-B1DC-224C4033BE37}.Release|Any CPU.Build.0 = Release|Any CPU
		{76D2CA0F-60DB-4AF6-B1DC-224C4033BE37}.Release|Any CPU.Deploy.0 = Release|Any CPU
		{76D2CA0F-60DB-4AF6-B1DC-224C4033BE37}.Release|iPhone.ActiveCfg = Release|Any CPU
		{76D2CA0F-60DB-4AF6-B1DC-224C4033BE37}.Release|iPhone.Build.0 = Release|Any CPU
		{76D2CA0F-60DB-4AF6-B1DC-224C4033BE37}.Release|iPhone.Deploy.0 = Release|Any CPU
		{76D2CA0F-60DB-4AF6-B1DC-224C4033BE37}.Release|iPhoneSimulator.ActiveCfg = Release|Any CPU
		{76D2CA0F-60DB-4AF6-B1DC-224C4033BE37}.Release|iPhoneSimulator.Build.0 = Release|Any CPU
		{76D2CA0F-60DB-4AF6-B1DC-224C4033BE37}.Release|iPhoneSimulator.Deploy.0 = Release|Any CPU
		{913B82FE-1C2B-41BA-A873-07BC07CD2DDE}.Debug|Any CPU.ActiveCfg = Debug|iPhone
		{913B82FE-1C2B-41BA-A873-07BC07CD2DDE}.Debug|Any CPU.Build.0 = Debug|iPhone
		{913B82FE-1C2B-41BA-A873-07BC07CD2DDE}.Debug|Any CPU.Deploy.0 = Debug|iPhone
		{913B82FE-1C2B-41BA-A873-07BC07CD2DDE}.Debug|iPhone.ActiveCfg = Debug|iPhone
		{913B82FE-1C2B-41BA-A873-07BC07CD2DDE}.Debug|iPhone.Build.0 = Debug|iPhone
		{913B82FE-1C2B-41BA-A873-07BC07CD2DDE}.Debug|iPhone.Deploy.0 = Debug|iPhone
		{913B82FE-1C2B-41BA-A873-07BC07CD2DDE}.Debug|iPhoneSimulator.ActiveCfg = Debug|iPhoneSimulator
		{913B82FE-1C2B-41BA-A873-07BC07CD2DDE}.Debug|iPhoneSimulator.Build.0 = Debug|iPhoneSimulator
		{913B82FE-1C2B-41BA-A873-07BC07CD2DDE}.Debug|iPhoneSimulator.Deploy.0 = Debug|iPhoneSimulator
		{913B82FE-1C2B-41BA-A873-07BC07CD2DDE}.Release|Any CPU.ActiveCfg = Release|iPhoneSimulator
		{913B82FE-1C2B-41BA-A873-07BC07CD2DDE}.Release|Any CPU.Build.0 = Release|iPhoneSimulator
		{913B82FE-1C2B-41BA-A873-07BC07CD2DDE}.Release|Any CPU.Deploy.0 = Release|iPhoneSimulator
		{913B82FE-1C2B-41BA-A873-07BC07CD2DDE}.Release|iPhone.ActiveCfg = Release|iPhone
		{913B82FE-1C2B-41BA-A873-07BC07CD2DDE}.Release|iPhone.Build.0 = Release|iPhone
		{913B82FE-1C2B-41BA-A873-07BC07CD2DDE}.Release|iPhone.Deploy.0 = Release|iPhone
		{913B82FE-1C2B-41BA-A873-07BC07CD2DDE}.Release|iPhoneSimulator.ActiveCfg = Release|iPhoneSimulator
		{913B82FE-1C2B-41BA-A873-07BC07CD2DDE}.Release|iPhoneSimulator.Build.0 = Release|iPhoneSimulator
		{913B82FE-1C2B-41BA-A873-07BC07CD2DDE}.Release|iPhoneSimulator.Deploy.0 = Release|iPhoneSimulator
		{717E42CB-CF59-4AD3-AFE9-A620DA697093}.Debug|Any CPU.ActiveCfg = Debug|Any CPU
		{717E42CB-CF59-4AD3-AFE9-A620DA697093}.Debug|Any CPU.Build.0 = Debug|Any CPU
		{717E42CB-CF59-4AD3-AFE9-A620DA697093}.Debug|Any CPU.Deploy.0 = Debug|Any CPU
		{717E42CB-CF59-4AD3-AFE9-A620DA697093}.Debug|iPhone.ActiveCfg = Debug|Any CPU
		{717E42CB-CF59-4AD3-AFE9-A620DA697093}.Debug|iPhone.Build.0 = Debug|Any CPU
		{717E42CB-CF59-4AD3-AFE9-A620DA697093}.Debug|iPhone.Deploy.0 = Debug|Any CPU
		{717E42CB-CF59-4AD3-AFE9-A620DA697093}.Debug|iPhoneSimulator.ActiveCfg = Debug|Any CPU
		{717E42CB-CF59-4AD3-AFE9-A620DA697093}.Debug|iPhoneSimulator.Build.0 = Debug|Any CPU
		{717E42CB-CF59-4AD3-AFE9-A620DA697093}.Debug|iPhoneSimulator.Deploy.0 = Debug|Any CPU
		{717E42CB-CF59-4AD3-AFE9-A620DA697093}.Release|Any CPU.ActiveCfg = Release|Any CPU
		{717E42CB-CF59-4AD3-AFE9-A620DA697093}.Release|Any CPU.Build.0 = Release|Any CPU
		{717E42CB-CF59-4AD3-AFE9-A620DA697093}.Release|Any CPU.Deploy.0 = Release|Any CPU
		{717E42CB-CF59-4AD3-AFE9-A620DA697093}.Release|iPhone.ActiveCfg = Release|Any CPU
		{717E42CB-CF59-4AD3-AFE9-A620DA697093}.Release|iPhone.Build.0 = Release|Any CPU
		{717E42CB-CF59-4AD3-AFE9-A620DA697093}.Release|iPhone.Deploy.0 = Release|Any CPU
		{717E42CB-CF59-4AD3-AFE9-A620DA697093}.Release|iPhoneSimulator.ActiveCfg = Release|Any CPU
		{717E42CB-CF59-4AD3-AFE9-A620DA697093}.Release|iPhoneSimulator.Build.0 = Release|Any CPU
		{717E42CB-CF59-4AD3-AFE9-A620DA697093}.Release|iPhoneSimulator.Deploy.0 = Release|Any CPU
	EndGlobalSection
	GlobalSection(SolutionProperties) = preSolution
		HideSolutionNode = FALSE
	EndGlobalSection
	GlobalSection(ExtensibilityGlobals) = postSolution
		SolutionGuid = {2730DD4A-5759-4227-8938-58D4BC2FC426}
	EndGlobalSection
EndGlobal
